
Microsoft Visual Studio Solution File, Format Version 12.00
# Visual Studio Version 16
VisualStudioVersion = 16.0.29409.12
MinimumVisualStudioVersion = 10.0.40219.1
Project("{FAE04EC0-301F-11D3-BF4B-00C04F79EFBC}") = "lab2", "lab2\lab2.csproj", "{C5578745-4FE6-40AA-BE1A-7A1D46F89C2C}"
EndProject
Global
	GlobalSection(SolutionConfigurationPlatforms) = preSolution
		Debug|Any CPU = Debug|Any CPU
		Release|Any CPU = Release|Any CPU
	EndGlobalSection
	GlobalSection(ProjectConfigurationPlatforms) = postSolution
		{C5578745-4FE6-40AA-BE1A-7A1D46F89C2C}.Debug|Any CPU.ActiveCfg = Debug|Any CPU
		{C5578745-4FE6-40AA-BE1A-7A1D46F89C2C}.Debug|Any CPU.Build.0 = Debug|Any CPU
		{C5578745-4FE6-40AA-BE1A-7A1D46F89C2C}.Release|Any CPU.ActiveCfg = Release|Any CPU
		{C5578745-4FE6-40AA-BE1A-7A1D46F89C2C}.Release|Any CPU.Build.0 = Release|Any CPU
	EndGlobalSection
	GlobalSection(SolutionProperties) = preSolution
		HideSolutionNode = FALSE
	EndGlobalSection
	GlobalSection(ExtensibilityGlobals) = postSolution
		SolutionGuid = {62514C6A-4A20-4E77-850D-AF1FA752C3A1}
	EndGlobalSection
EndGlobal
